<Solution>
  <Folder Name="/src/">
    <Project Path="src/CanDoItAll.CodeAnalytics.Abstractions/CanDoItAll.CodeAnalytics.Abstractions.csproj" />
    <Project Path="src/CanDoItAll.CodeAnalytics.Analysis/CanDoItAll.CodeAnalytics.Analysis.csproj" />
    <Project Path="src/CanDoItAll.CodeAnalytics.Application/CanDoItAll.CodeAnalytics.Application.csproj" />
    <Project Path="src/CanDoItAll.CodeAnalytics.Domain/CanDoItAll.CodeAnalytics.Domain.csproj" />
    <Project Path="src/CanDoItAll.CodeAnalytics.Facts/CanDoItAll.CodeAnalytics.Facts.csproj" />
    <Project Path="src/CanDoItAll.CodeAnalytics.Rendering/CanDoItAll.CodeAnalytics.Rendering.csproj" />
    <Project Path="src/CanDoItAll.CodeAnalytics.Storage/CanDoItAll.CodeAnalytics.Storage.csproj" />
    <Project Path="src/CanDoItAll.CodeAnalytics.Web/CanDoItAll.CodeAnalytics.Web.csproj" />
    <Project Path="src/CanDoItAll.CodeAnalytics.Workspace/CanDoItAll.CodeAnalytics.Workspace.csproj" />
  </Folder>
  <Folder Name="/tests/">
    <Project Path="tests/CanDoItAll.CodeAnalytics.Tests.Architecture/CanDoItAll.CodeAnalytics.Tests.Architecture.csproj" />
    <Project Path="tests/CanDoItAll.CodeAnalytics.Tests.Integration/CanDoItAll.CodeAnalytics.Tests.Integration.csproj" />
    <Project Path="tests/CanDoItAll.CodeAnalytics.Tests.Support/CanDoItAll.CodeAnalytics.Tests.Support.csproj" />
    <Project Path="tests/CanDoItAll.CodeAnalytics.Tests.Unit/CanDoItAll.CodeAnalytics.Tests.Unit.csproj" />
    <Project Path="tests/CanDoItAll.CodeAnalytics.Tests.Web/CanDoItAll.CodeAnalytics.Tests.Web.csproj" />
  </Folder>
  <Folder Name="/tools/">
    <Project Path="tools/ScenarioEvaluationHarness/ScenarioEvaluationHarness.csproj" />
  </Folder>
</Solution>
